
Microsoft Visual Studio Solution File, Format Version 12.00
# Visual Studio Version 17
VisualStudioVersion = 17.0.31903.59
MinimumVisualStudioVersion = 10.0.40219.1
Project("{FAE04EC0-301F-11D3-BF4B-00C04F79EFBC}") = "Api", "Api\Api.csproj", "{D5CA21F0-34D0-445B-A9AE-DCEF0CAF52FC}"
EndProject
Project("{FAE04EC0-301F-11D3-BF4B-00C04F79EFBC}") = "Tests", "Tests\Tests.csproj", "{24DB550E-6B0A-41F3-ADA4-2E241DFD8F77}"
EndProject
Global
	GlobalSection(SolutionConfigurationPlatforms) = preSolution
		Debug|Any CPU = Debug|Any CPU
		Release|Any CPU = Release|Any CPU
	EndGlobalSection
	GlobalSection(SolutionProperties) = preSolution
		HideSolutionNode = FALSE
	EndGlobalSection
	GlobalSection(ProjectConfigurationPlatforms) = postSolution
		{D5CA21F0-34D0-445B-A9AE-DCEF0CAF52FC}.Debug|Any CPU.ActiveCfg = Debug|Any CPU
		{D5CA21F0-34D0-445B-A9AE-DCEF0CAF52FC}.Debug|Any CPU.Build.0 = Debug|Any CPU
		{D5CA21F0-34D0-445B-A9AE-DCEF0CAF52FC}.Release|Any CPU.ActiveCfg = Release|Any CPU
		{D5CA21F0-34D0-445B-A9AE-DCEF0CAF52FC}.Release|Any CPU.Build.0 = Release|Any CPU
		{24DB550E-6B0A-41F3-ADA4-2E241DFD8F77}.Debug|Any CPU.ActiveCfg = Debug|Any CPU
		{24DB550E-6B0A-41F3-ADA4-2E241DFD8F77}.Debug|Any CPU.Build.0 = Debug|Any CPU
		{24DB550E-6B0A-41F3-ADA4-2E241DFD8F77}.Release|Any CPU.ActiveCfg = Release|Any CPU
		{24DB550E-6B0A-41F3-ADA4-2E241DFD8F77}.Release|Any CPU.Build.0 = Release|Any CPU
	EndGlobalSection
EndGlobal
